// !$*UTF8*$!
{
	archiveVersion = 1;
	classes = {
	};
	objectVersion = 56;
	objects = {

/* Begin PBXBuildFile section */
		9A110F0C2B19CDC300CF2331 /* MalddongApp.swift in Sources */ = {isa = PBXBuildFile; fileRef = 9A110F0B2B19CDC300CF2331 /* MalddongApp.swift */; };
		9A110F0E2B19CDC300CF2331 /* ContentView.swift in Sources */ = {isa = PBXBuildFile; fileRef = 9A110F0D2B19CDC300CF2331 /* ContentView.swift */; };
		9A110F102B19CDC600CF2331 /* Assets.xcassets in Resources */ = {isa = PBXBuildFile; fileRef = 9A110F0F2B19CDC600CF2331 /* Assets.xcassets */; };
		9A110F132B19CDC600CF2331 /* Preview Assets.xcassets in Resources */ = {isa = PBXBuildFile; fileRef = 9A110F122B19CDC600CF2331 /* Preview Assets.xcassets */; };
		9A110F1A2B19CDEA00CF2331 /* ApiKeys.plist in Resources */ = {isa = PBXBuildFile; fileRef = 9A110F192B19CDEA00CF2331 /* ApiKeys.plist */; };
		9A110F1C2B19CE5E00CF2331 /* ApiKeys.swift in Sources */ = {isa = PBXBuildFile; fileRef = 9A110F1B2B19CE5D00CF2331 /* ApiKeys.swift */; };
		9A110F202B19CED200CF2331 /* ToiletAPI.swift in Sources */ = {isa = PBXBuildFile; fileRef = 9A110F1F2B19CED200CF2331 /* ToiletAPI.swift */; };
		9A6E03682B1DA6A7005B5A84 /* ToiletDetailView.swift in Sources */ = {isa = PBXBuildFile; fileRef = 9A6E03672B1DA6A7005B5A84 /* ToiletDetailView.swift */; };
		9A6E036A2B1DA900005B5A84 /* TouristAPI.swift in Sources */ = {isa = PBXBuildFile; fileRef = 9A6E03692B1DA900005B5A84 /* TouristAPI.swift */; };
		9A6E036C2B1DA93F005B5A84 /* ParkingAPI.swift in Sources */ = {isa = PBXBuildFile; fileRef = 9A6E036B2B1DA93F005B5A84 /* ParkingAPI.swift */; };
		9A6E036E2B1DAB01005B5A84 /* TouristView.swift in Sources */ = {isa = PBXBuildFile; fileRef = 9A6E036D2B1DAB01005B5A84 /* TouristView.swift */; };
		9A6E03702B1DC3C4005B5A84 /* ParkingView.swift in Sources */ = {isa = PBXBuildFile; fileRef = 9A6E036F2B1DC3C4005B5A84 /* ParkingView.swift */; };
		9A6E03722B1DC5E9005B5A84 /* NavView.swift in Sources */ = {isa = PBXBuildFile; fileRef = 9A6E03712B1DC5E9005B5A84 /* NavView.swift */; };
/* End PBXBuildFile section */

/* Begin PBXFileReference section */
		9A110F082B19CDC300CF2331 /* Malddong.app */ = {isa = PBXFileReference; explicitFileType = wrapper.application; includeInIndex = 0; path = Malddong.app; sourceTree = BUILT_PRODUCTS_DIR; };
		9A110F0B2B19CDC300CF2331 /* MalddongApp.swift */ = {isa = PBXFileReference; lastKnownFileType = sourcecode.swift; path = MalddongApp.swift; sourceTree = "<group>"; };
		9A110F0D2B19CDC300CF2331 /* ContentView.swift */ = {isa = PBXFileReference; lastKnownFileType = sourcecode.swift; path = ContentView.swift; sourceTree = "<group>"; };
		9A110F0F2B19CDC600CF2331 /* Assets.xcassets */ = {isa = PBXFileReference; lastKnownFileType = folder.assetcatalog; path = Assets.xcassets; sourceTree = "<group>"; };
		9A110F122B19CDC600CF2331 /* Preview Assets.xcassets */ = {isa = PBXFileReference; lastKnownFileType = folder.assetcatalog; path = "Preview Assets.xcassets"; sourceTree = "<group>"; };
		9A110F192B19CDEA00CF2331 /* ApiKeys.plist */ = {isa = PBXFileReference; lastKnownFileType = text.plist.xml; path = ApiKeys.plist; sourceTree = "<group>"; };
		9A110F1B2B19CE5D00CF2331 /* ApiKeys.swift */ = {isa = PBXFileReference; lastKnownFileType = sourcecode.swift; path = ApiKeys.swift; sourceTree = "<group>"; };
		9A110F1F2B19CED200CF2331 /* ToiletAPI.swift */ = {isa = PBXFileReference; lastKnownFileType = sourcecode.swift; path = ToiletAPI.swift; sourceTree = "<group>"; };
		9A110F212B19D6F500CF2331 /* Info.plist */ = {isa = PBXFileReference; lastKnownFileType = text.plist; path = Info.plist; sourceTree = "<group>"; };
		9A6E03672B1DA6A7005B5A84 /* ToiletDetailView.swift */ = {isa = PBXFileReference; lastKnownFileType = sourcecode.swift; path = ToiletDetailView.swift; sourceTree = "<group>"; };
		9A6E03692B1DA900005B5A84 /* TouristAPI.swift */ = {isa = PBXFileReference; lastKnownFileType = sourcecode.swift; path = TouristAPI.swift; sourceTree = "<group>"; };
		9A6E036B2B1DA93F005B5A84 /* ParkingAPI.swift */ = {isa = PBXFileReference; lastKnownFileType = sourcecode.swift; path = ParkingAPI.swift; sourceTree = "<group>"; };
		9A6E036D2B1DAB01005B5A84 /* TouristView.swift */ = {isa = PBXFileReference; lastKnownFileType = sourcecode.swift; path = TouristView.swift; sourceTree = "<group>"; };
		9A6E036F2B1DC3C4005B5A84 /* ParkingView.swift */ = {isa = PBXFileReference; lastKnownFileType = sourcecode.swift; path = ParkingView.swift; sourceTree = "<group>"; };
		9A6E03712B1DC5E9005B5A84 /* NavView.swift */ = {isa = PBXFileReference; lastKnownFileType = sourcecode.swift; path = NavView.swift; sourceTree = "<group>"; };
/* End PBXFileReference section */

/* Begin PBXFrameworksBuildPhase section */
		9A110F052B19CDC300CF2331 /* Frameworks */ = {
			isa = PBXFrameworksBuildPhase;
			buildActionMask = 2147483647;
			files = (
			);
			runOnlyForDeploymentPostprocessing = 0;
		};
/* End PBXFrameworksBuildPhase section */

/* Begin PBXGroup section */
		9A110EFF2B19CDC300CF2331 = {
			isa = PBXGroup;
			children = (
				9A110F0A2B19CDC300CF2331 /* Malddong */,
				9A110F092B19CDC300CF2331 /* Products */,
			);
			sourceTree = "<group>";
		};
		9A110F092B19CDC300CF2331 /* Products */ = {
			isa = PBXGroup;
			children = (
				9A110F082B19CDC300CF2331 /* Malddong.app */,
			);
			name = Products;
			sourceTree = "<group>";
		};
		9A110F0A2B19CDC300CF2331 /* Malddong */ = {
			isa = PBXGroup;
			children = (
				9A110F212B19D6F500CF2331 /* Info.plist */,
				9A110F0B2B19CDC300CF2331 /* MalddongApp.swift */,
				9A110F0D2B19CDC300CF2331 /* ContentView.swift */,
				9A6E03672B1DA6A7005B5A84 /* ToiletDetailView.swift */,
				9A6E03712B1DC5E9005B5A84 /* NavView.swift */,
				9A110F1F2B19CED200CF2331 /* ToiletAPI.swift */,
				9A6E036D2B1DAB01005B5A84 /* TouristView.swift */,
				9A6E03692B1DA900005B5A84 /* TouristAPI.swift */,
				9A6E036B2B1DA93F005B5A84 /* ParkingAPI.swift */,
				9A6E036F2B1DC3C4005B5A84 /* ParkingView.swift */,
				9A110F1B2B19CE5D00CF2331 /* ApiKeys.swift */,
				9A110F192B19CDEA00CF2331 /* ApiKeys.plist */,
				9A110F0F2B19CDC600CF2331 /* Assets.xcassets */,
				9A110F112B19CDC600CF2331 /* Preview Content */,
			);
			path = Malddong;
			sourceTree = "<group>";
		};
		9A110F112B19CDC600CF2331 /* Preview Content */ = {
			isa = PBXGroup;
			children = (
				9A110F122B19CDC600CF2331 /* Preview Assets.xcassets */,
			);
			path = "Preview Content";
			sourceTree = "<group>";
		};
/* End PBXGroup section */

/* Begin PBXNativeTarget section */
		9A110F072B19CDC300CF2331 /* Malddong */ = {
			isa = PBXNativeTarget;
			buildConfigurationList = 9A110F162B19CDC600CF2331 /* Build configuration list for PBXNativeTarget "Malddong" */;
			buildPhases = (
				9A110F042B19CDC300CF2331 /* Sources */,
				9A110F052B19CDC300CF2331 /* Frameworks */,
				9A110F062B19CDC300CF2331 /* Resources */,
			);
			buildRules = (
			);
			dependencies = (
			);
			name = Malddong;
			productName = Malddong;
			productReference = 9A110F082B19CDC300CF2331 /* Malddong.app */;
			productType = "com.apple.product-type.application";
		};
/* End PBXNativeTarget section */

/* Begin PBXProject section */
		9A110F002B19CDC300CF2331 /* Project object */ = {
			isa = PBXProject;
			attributes = {
				BuildIndependentTargetsInParallel = 1;
				LastSwiftUpdateCheck = 1500;
				LastUpgradeCheck = 1500;
				TargetAttributes = {
					9A110F072B19CDC300CF2331 = {
						CreatedOnToolsVersion = 15.0.1;
					};
				};
			};
			buildConfigurationList = 9A110F032B19CDC300CF2331 /* Build configuration list for PBXProject "Malddong" */;
			compatibilityVersion = "Xcode 14.0";
			developmentRegion = en;
			hasScannedForEncodings = 0;
			knownRegions = (
				en,
				Base,
			);
			mainGroup = 9A110EFF2B19CDC300CF2331;
			productRefGroup = 9A110F092B19CDC300CF2331 /* Products */;
			projectDirPath = "";
			projectRoot = "";
			targets = (
				9A110F072B19CDC300CF2331 /* Malddong */,
			);
		};
/* End PBXProject section */

/* Begin PBXResourcesBuildPhase section */
		9A110F062B19CDC300CF2331 /* Resources */ = {
			isa = PBXResourcesBuildPhase;
			buildActionMask = 2147483647;
			files = (
				9A110F132B19CDC600CF2331 /* Preview Assets.xcassets in Resources */,
				9A110F102B19CDC600CF2331 /* Assets.xcassets in Resources */,
				9A110F1A2B19CDEA00CF2331 /* ApiKeys.plist in Resources */,
			);
			runOnlyForDeploymentPostprocessing = 0;
		};
/* End PBXResourcesBuildPhase section */

/* Begin PBXSourcesBuildPhase section */
		9A110F042B19CDC300CF2331 /* Sources */ = {
			isa = PBXSourcesBuildPhase;
			buildActionMask = 2147483647;
			files = (
				9A110F0E2B19CDC300CF2331 /* ContentView.swift in Sources */,
				9A6E036E2B1DAB01005B5A84 /* TouristView.swift in Sources */,
				9A110F202B19CED200CF2331 /* ToiletAPI.swift in Sources */,
				9A6E03702B1DC3C4005B5A84 /* ParkingView.swift in Sources */,
				9A110F0C2B19CDC300CF2331 /* MalddongApp.swift in Sources */,
				9A6E036A2B1DA900005B5A84 /* TouristAPI.swift in Sources */,
				9A110F1C2B19CE5E00CF2331 /* ApiKeys.swift in Sources */,
				9A6E03682B1DA6A7005B5A84 /* ToiletDetailView.swift in Sources */,
				9A6E03722B1DC5E9005B5A84 /* NavView.swift in Sources */,
				9A6E036C2B1DA93F005B5A84 /* ParkingAPI.swift in Sources */,
			);
			runOnlyForDeploymentPostprocessing = 0;
		};
/* End PBXSourcesBuildPhase section */

/* Begin XCBuildConfiguration section */
		9A110F142B19CDC600CF2331 /* Debug */ = {
			isa = XCBuildConfiguration;
			buildSettings = {
				ALWAYS_SEARCH_USER_PATHS = NO;
				ASSETCATALOG_COMPILER_GENERATE_SWIFT_ASSET_SYMBOL_EXTENSIONS = YES;
				CLANG_ANALYZER_NONNULL = YES;
				CLANG_ANALYZER_NUMBER_OBJECT_CONVERSION = YES_AGGRESSIVE;
				CLANG_CXX_LANGUAGE_STANDARD = "gnu++20";
				CLANG_ENABLE_MODULES = YES;
				CLANG_ENABLE_OBJC_ARC = YES;
				CLANG_ENABLE_OBJC_WEAK = YES;
				CLANG_WARN_BLOCK_CAPTURE_AUTORELEASING = YES;
				CLANG_WARN_BOOL_CONVERSION = YES;
				CLANG_WARN_COMMA = YES;
				CLANG_WARN_CONSTANT_CONVERSION = YES;
				CLANG_WARN_DEPRECATED_OBJC_IMPLEMENTATIONS = YES;
				CLANG_WARN_DIRECT_OBJC_ISA_USAGE = YES_ERROR;
				CLANG_WARN_DOCUMENTATION_COMMENTS = YES;
				CLANG_WARN_EMPTY_BODY = YES;
				CLANG_WARN_ENUM_CONVERSION = YES;
				CLANG_WARN_INFINITE_RECURSION = YES;
				CLANG_WARN_INT_CONVERSION = YES;
				CLANG_WARN_NON_LITERAL_NULL_CONVERSION = YES;
				CLANG_WARN_OBJC_IMPLICIT_RETAIN_SELF = YES;
				CLANG_WARN_OBJC_LITERAL_CONVERSION = YES;
				CLANG_WARN_OBJC_ROOT_CLASS = YES_ERROR;
				CLANG_WARN_QUOTED_INCLUDE_IN_FRAMEWORK_HEADER = YES;
				CLANG_WARN_RANGE_LOOP_ANALYSIS = YES;
				CLANG_WARN_STRICT_PROTOTYPES = YES;
				CLANG_WARN_SUSPICIOUS_MOVE = YES;
				CLANG_WARN_UNGUARDED_AVAILABILITY = YES_AGGRESSIVE;
				CLANG_WARN_UNREACHABLE_CODE = YES;
				CLANG_WARN__DUPLICATE_METHOD_MATCH = YES;
				COPY_PHASE_STRIP = NO;
				DEBUG_INFORMATION_FORMAT = dwarf;
				ENABLE_STRICT_OBJC_MSGSEND = YES;
				ENABLE_TESTABILITY = YES;
				ENABLE_USER_SCRIPT_SANDBOXING = YES;
				GCC_C_LANGUAGE_STANDARD = gnu17;
				GCC_DYNAMIC_NO_PIC = NO;
				GCC_NO_COMMON_BLOCKS = YES;
				GCC_OPTIMIZATION_LEVEL = 0;
				GCC_PREPROCESSOR_DEFINITIONS = (
					"DEBUG=1",
					"$(inherited)",
				);
				GCC_WARN_64_TO_32_BIT_CONVERSION = YES;
				GCC_WARN_ABOUT_RETURN_TYPE = YES_ERROR;
				GCC_WARN_UNDECLARED_SELECTOR = YES;
				GCC_WARN_UNINITIALIZED_AUTOS = YES_AGGRESSIVE;
				GCC_WARN_UNUSED_FUNCTION = YES;
				GCC_WARN_UNUSED_VARIABLE = YES;
				IPHONEOS_DEPLOYMENT_TARGET = 17.0;
				LOCALIZATION_PREFERS_STRING_CATALOGS = YES;
				MTL_ENABLE_DEBUG_INFO = INCLUDE_SOURCE;
				MTL_FAST_MATH = YES;
				ONLY_ACTIVE_ARCH = YES;
				SDKROOT = iphoneos;
				SWIFT_ACTIVE_COMPILATION_CONDITIONS = "DEBUG $(inherited)";
				SWIFT_OPTIMIZATION_LEVEL = "-Onone";
			};
			name = Debug;
		};
		9A110F152B19CDC600CF2331 /* Release */ = {
			isa = XCBuildConfiguration;
			buildSettings = {
				ALWAYS_SEARCH_USER_PATHS = NO;
				ASSETCATALOG_COMPILER_GENERATE_SWIFT_ASSET_SYMBOL_EXTENSIONS = YES;
				CLANG_ANALYZER_NONNULL = YES;
				CLANG_ANALYZER_NUMBER_OBJECT_CONVERSION = YES_AGGRESSIVE;
				CLANG_CXX_LANGUAGE_STANDARD = "gnu++20";
				CLANG_ENABLE_MODULES = YES;
				CLANG_ENABLE_OBJC_ARC = YES;
				CLANG_ENABLE_OBJC_WEAK = YES;
				CLANG_WARN_BLOCK_CAPTURE_AUTORELEASING = YES;
				CLANG_WARN_BOOL_CONVERSION = YES;
				CLANG_WARN_COMMA = YES;
				CLANG_WARN_CONSTANT_CONVERSION = YES;
				CLANG_WARN_DEPRECATED_OBJC_IMPLEMENTATIONS = YES;
				CLANG_WARN_DIRECT_OBJC_ISA_USAGE = YES_ERROR;
				CLANG_WARN_DOCUMENTATION_COMMENTS = YES;
				CLANG_WARN_EMPTY_BODY = YES;
				CLANG_WARN_ENUM_CONVERSION = YES;
				CLANG_WARN_INFINITE_RECURSION = YES;
				CLANG_WARN_INT_CONVERSION = YES;
				CLANG_WARN_NON_LITERAL_NULL_CONVERSION = YES;
				CLANG_WARN_OBJC_IMPLICIT_RETAIN_SELF = YES;
				CLANG_WARN_OBJC_LITERAL_CONVERSION = YES;
				CLANG_WARN_OBJC_ROOT_CLASS = YES_ERROR;
				CLANG_WARN_QUOTED_INCLUDE_IN_FRAMEWORK_HEADER = YES;
				CLANG_WARN_RANGE_LOOP_ANALYSIS = YES;
				CLANG_WARN_STRICT_PROTOTYPES = YES;
				CLANG_WARN_SUSPICIOUS_MOVE = YES;
				CLANG_WARN_UNGUARDED_AVAILABILITY = YES_AGGRESSIVE;
				CLANG_WARN_UNREACHABLE_CODE = YES;
				CLANG_WARN__DUPLICATE_METHOD_MATCH = YES;
				COPY_PHASE_STRIP = NO;
				DEBUG_INFORMATION_FORMAT = "dwarf-with-dsym";
				ENABLE_NS_ASSERTIONS = NO;
				ENABLE_STRICT_OBJC_MSGSEND = YES;
				ENABLE_USER_SCRIPT_SANDBOXING = YES;
				GCC_C_LANGUAGE_STANDARD = gnu17;
				GCC_NO_COMMON_BLOCKS = YES;
				GCC_WARN_64_TO_32_BIT_CONVERSION = YES;
				GCC_WARN_ABOUT_RETURN_TYPE = YES_ERROR;
				GCC_WARN_UNDECLARED_SELECTOR = YES;
				GCC_WARN_UNINITIALIZED_AUTOS = YES_AGGRESSIVE;
				GCC_WARN_UNUSED_FUNCTION = YES;
				GCC_WARN_UNUSED_VARIABLE = YES;
				IPHONEOS_DEPLOYMENT_TARGET = 17.0;
				LOCALIZATION_PREFERS_STRING_CATALOGS = YES;
				MTL_ENABLE_DEBUG_INFO = NO;
				MTL_FAST_MATH = YES;
				SDKROOT = iphoneos;
				SWIFT_COMPILATION_MODE = wholemodule;
				VALIDATE_PRODUCT = YES;
			};
			name = Release;
		};
		9A110F172B19CDC600CF2331 /* Debug */ = {
			isa = XCBuildConfiguration;
			buildSettings = {
				ASSETCATALOG_COMPILER_APPICON_NAME = AppIcon;
				ASSETCATALOG_COMPILER_GLOBAL_ACCENT_COLOR_NAME = AccentColor;
				CODE_SIGN_STYLE = Automatic;
				CURRENT_PROJECT_VERSION = 1;
				DEVELOPMENT_ASSET_PATHS = "\"Malddong/Preview Content\"";
				DEVELOPMENT_TEAM = 2252348JAM;
				ENABLE_PREVIEWS = YES;
				GENERATE_INFOPLIST_FILE = YES;
				INFOPLIST_FILE = Malddong/Info.plist;
				INFOPLIST_KEY_UIApplicationSceneManifest_Generation = YES;
				INFOPLIST_KEY_UIApplicationSupportsIndirectInputEvents = YES;
				INFOPLIST_KEY_UILaunchScreen_Generation = YES;
				INFOPLIST_KEY_UISupportedInterfaceOrientations_iPad = "UIInterfaceOrientationPortrait UIInterfaceOrientationPortraitUpsideDown UIInterfaceOrientationLandscapeLeft UIInterfaceOrientationLandscapeRight";
				INFOPLIST_KEY_UISupportedInterfaceOrientations_iPhone = "UIInterfaceOrientationPortrait UIInterfaceOrientationLandscapeLeft UIInterfaceOrientationLandscapeRight";
				LD_RUNPATH_SEARCH_PATHS = (
					"$(inherited)",
					"@executable_path/Frameworks",
				);
				MARKETING_VERSION = 1.0;
				PRODUCT_BUNDLE_IDENTIFIER = com.jake5113.Malddong;
				PRODUCT_NAME = "$(TARGET_NAME)";
				SWIFT_EMIT_LOC_STRINGS = YES;
				SWIFT_VERSION = 5.0;
				TARGETED_DEVICE_FAMILY = "1,2";
			};
			name = Debug;
		};
		9A110F182B19CDC600CF2331 /* Release */ = {
			isa = XCBuildConfiguration;
			buildSettings = {
				ASSETCATALOG_COMPILER_APPICON_NAME = AppIcon;
				ASSETCATALOG_COMPILER_GLOBAL_ACCENT_COLOR_NAME = AccentColor;
				CODE_SIGN_STYLE = Automatic;
				CURRENT_PROJECT_VERSION = 1;
				DEVELOPMENT_ASSET_PATHS = "\"Malddong/Preview Content\"";
				DEVELOPMENT_TEAM = 2252348JAM;
				ENABLE_PREVIEWS = YES;
				GENERATE_INFOPLIST_FILE = YES;
				INFOPLIST_FILE = Malddong/Info.plist;
				INFOPLIST_KEY_UIApplicationSceneManifest_Generation = YES;
				INFOPLIST_KEY_UIApplicationSupportsIndirectInputEvents = YES;
				INFOPLIST_KEY_UILaunchScreen_Generation = YES;
				INFOPLIST_KEY_UISupportedInterfaceOrientations_iPad = "UIInterfaceOrientationPortrait UIInterfaceOrientationPortraitUpsideDown UIInterfaceOrientationLandscapeLeft UIInterfaceOrientationLandscapeRight";
				INFOPLIST_KEY_UISupportedInterfaceOrientations_iPhone = "UIInterfaceOrientationPortrait UIInterfaceOrientationLandscapeLeft UIInterfaceOrientationLandscapeRight";
				LD_RUNPATH_SEARCH_PATHS = (
					"$(inherited)",
					"@executable_path/Frameworks",
				);
				MARKETING_VERSION = 1.0;
				PRODUCT_BUNDLE_IDENTIFIER = com.jake5113.Malddong;
				PRODUCT_NAME = "$(TARGET_NAME)";
				SWIFT_EMIT_LOC_STRINGS = YES;
				SWIFT_VERSION = 5.0;
				TARGETED_DEVICE_FAMILY = "1,2";
			};
			name = Release;
		};
/* End XCBuildConfiguration section */

/* Begin XCConfigurationList section */
		9A110F032B19CDC300CF2331 /* Build configuration list for PBXProject "Malddong" */ = {
			isa = XCConfigurationList;
			buildConfigurations = (
				9A110F142B19CDC600CF2331 /* Debug */,
				9A110F152B19CDC600CF2331 /* Release */,
			);
			defaultConfigurationIsVisible = 0;
			defaultConfigurationName = Release;
		};
		9A110F162B19CDC600CF2331 /* Build configuration list for PBXNativeTarget "Malddong" */ = {
			isa = XCConfigurationList;
			buildConfigurations = (
				9A110F172B19CDC600CF2331 /* Debug */,
				9A110F182B19CDC600CF2331 /* Release */,
			);
			defaultConfigurationIsVisible = 0;
			defaultConfigurationName = Release;
		};
/* End XCConfigurationList section */
	};
	rootObject = 9A110F002B19CDC300CF2331 /* Project object */;
}
